
Microsoft Visual Studio Solution File, Format Version 11.00
# Visual Studio 2010
Project("{FAE04EC0-301F-11D3-BF4B-00C04F79EFBC}") = "SRS3E2EPanel", "SRS3E2EPanel\SRS3E2EPanel.csproj", "{A8B4FC25-4184-42D6-8B4A-CE2EC34B23B6}"
EndProject
Global
	GlobalSection(SolutionConfigurationPlatforms) = preSolution
		Debug|Any CPU = Debug|Any CPU
		Release|Any CPU = Release|Any CPU
	EndGlobalSection
	GlobalSection(ProjectConfigurationPlatforms) = postSolution
		{A8B4FC25-4184-42D6-8B4A-CE2EC34B23B6}.Debug|Any CPU.ActiveCfg = Debug|Any CPU
		{A8B4FC25-4184-42D6-8B4A-CE2EC34B23B6}.Debug|Any CPU.Build.0 = Debug|Any CPU
		{A8B4FC25-4184-42D6-8B4A-CE2EC34B23B6}.Release|Any CPU.ActiveCfg = Release|Any CPU
		{A8B4FC25-4184-42D6-8B4A-CE2EC34B23B6}.Release|Any CPU.Build.0 = Release|Any CPU
	EndGlobalSection
EndGlobal
